{
  "name": "clinical-pathway-case-001",
  "version": "0.3.0",
  "lockfileVersion": 3,
  "requires": true,
  "packages": {
    "": {
      "name": "clinical-pathway-case-001",
      "version": "0.3.0",
      "devDependencies": {
        "playwright": "^1.53.2"
      },
      "engines": {
        "node": ">=20"
      }
    }
  }
}
